
Microsoft Visual Studio Solution File, Format Version 12.00
# Visual Studio Version 17
VisualStudioVersion = 17.0.31903.59
MinimumVisualStudioVersion = 10.0.40219.1
Project("{FAE04EC0-301F-11D3-BF4B-00C04F79EFBC}") = "Abacush.Domain", "Abacush.Domain\Abacush.Domain.csproj", "{2317EC1E-C4F1-42E9-8E10-A22F74470B0E}"
EndProject
Project("{FAE04EC0-301F-11D3-BF4B-00C04F79EFBC}") = "Abacush.Application", "Abacush.Application\Abacush.Application.csproj", "{08CEED07-22A8-4971-B64E-E681F7065C48}"
EndProject
Project("{FAE04EC0-301F-11D3-BF4B-00C04F79EFBC}") = "Abacush.Infrastructure", "Abacush.Infrastructure\Abacush.Infrastructure.csproj", "{A7FB82EA-D357-4D70-8D36-758B702DFB1C}"
EndProject
Project("{FAE04EC0-301F-11D3-BF4B-00C04F79EFBC}") = "Abacush.Api", "Abacush.Api\Abacush.Api.csproj", "{CAA4E9AF-B67E-4783-8698-F458B87D181C}"
EndProject
Project("{FAE04EC0-301F-11D3-BF4B-00C04F79EFBC}") = "Abacush.Tests", "Abacush.Tests\Abacush.Tests.csproj", "{EED038AD-596E-4CE1-BE33-F7A6ADC856AC}"
EndProject
Global
	GlobalSection(SolutionConfigurationPlatforms) = preSolution
		Debug|Any CPU = Debug|Any CPU
		Debug|x64 = Debug|x64
		Debug|x86 = Debug|x86
		Release|Any CPU = Release|Any CPU
		Release|x64 = Release|x64
		Release|x86 = Release|x86
	EndGlobalSection
	GlobalSection(ProjectConfigurationPlatforms) = postSolution
		{2317EC1E-C4F1-42E9-8E10-A22F74470B0E}.Debug|Any CPU.ActiveCfg = Debug|Any CPU
		{2317EC1E-C4F1-42E9-8E10-A22F74470B0E}.Debug|Any CPU.Build.0 = Debug|Any CPU
		{2317EC1E-C4F1-42E9-8E10-A22F74470B0E}.Debug|x64.ActiveCfg = Debug|Any CPU
		{2317EC1E-C4F1-42E9-8E10-A22F74470B0E}.Debug|x64.Build.0 = Debug|Any CPU
		{2317EC1E-C4F1-42E9-8E10-A22F74470B0E}.Debug|x86.ActiveCfg = Debug|Any CPU
		{2317EC1E-C4F1-42E9-8E10-A22F74470B0E}.Debug|x86.Build.0 = Debug|Any CPU
		{2317EC1E-C4F1-42E9-8E10-A22F74470B0E}.Release|Any CPU.ActiveCfg = Release|Any CPU
		{2317EC1E-C4F1-42E9-8E10-A22F74470B0E}.Release|Any CPU.Build.0 = Release|Any CPU
		{2317EC1E-C4F1-42E9-8E10-A22F74470B0E}.Release|x64.ActiveCfg = Release|Any CPU
		{2317EC1E-C4F1-42E9-8E10-A22F74470B0E}.Release|x64.Build.0 = Release|Any CPU
		{2317EC1E-C4F1-42E9-8E10-A22F74470B0E}.Release|x86.ActiveCfg = Release|Any CPU
		{2317EC1E-C4F1-42E9-8E10-A22F74470B0E}.Release|x86.Build.0 = Release|Any CPU
		{08CEED07-22A8-4971-B64E-E681F7065C48}.Debug|Any CPU.ActiveCfg = Debug|Any CPU
		{08CEED07-22A8-4971-B64E-E681F7065C48}.Debug|Any CPU.Build.0 = Debug|Any CPU
		{08CEED07-22A8-4971-B64E-E681F7065C48}.Debug|x64.ActiveCfg = Debug|Any CPU
		{08CEED07-22A8-4971-B64E-E681F7065C48}.Debug|x64.Build.0 = Debug|Any CPU
		{08CEED07-22A8-4971-B64E-E681F7065C48}.Debug|x86.ActiveCfg = Debug|Any CPU
		{08CEED07-22A8-4971-B64E-E681F7065C48}.Debug|x86.Build.0 = Debug|Any CPU
		{08CEED07-22A8-4971-B64E-E681F7065C48}.Release|Any CPU.ActiveCfg = Release|Any CPU
		{08CEED07-22A8-4971-B64E-E681F7065C48}.Release|Any CPU.Build.0 = Release|Any CPU
		{08CEED07-22A8-4971-B64E-E681F7065C48}.Release|x64.ActiveCfg = Release|Any CPU
		{08CEED07-22A8-4971-B64E-E681F7065C48}.Release|x64.Build.0 = Release|Any CPU
		{08CEED07-22A8-4971-B64E-E681F7065C48}.Release|x86.ActiveCfg = Release|Any CPU
		{08CEED07-22A8-4971-B64E-E681F7065C48}.Release|x86.Build.0 = Release|Any CPU
		{A7FB82EA-D357-4D70-8D36-758B702DFB1C}.Debug|Any CPU.ActiveCfg = Debug|Any CPU
		{A7FB82EA-D357-4D70-8D36-758B702DFB1C}.Debug|Any CPU.Build.0 = Debug|Any CPU
		{A7FB82EA-D357-4D70-8D36-758B702DFB1C}.Debug|x64.ActiveCfg = Debug|Any CPU
		{A7FB82EA-D357-4D70-8D36-758B702DFB1C}.Debug|x64.Build.0 = Debug|Any CPU
		{A7FB82EA-D357-4D70-8D36-758B702DFB1C}.Debug|x86.ActiveCfg = Debug|Any CPU
		{A7FB82EA-D357-4D70-8D36-758B702DFB1C}.Debug|x86.Build.0 = Debug|Any CPU
		{A7FB82EA-D357-4D70-8D36-758B702DFB1C}.Release|Any CPU.ActiveCfg = Release|Any CPU
		{A7FB82EA-D357-4D70-8D36-758B702DFB1C}.Release|Any CPU.Build.0 = Release|Any CPU
		{A7FB82EA-D357-4D70-8D36-758B702DFB1C}.Release|x64.ActiveCfg = Release|Any CPU
		{A7FB82EA-D357-4D70-8D36-758B702DFB1C}.Release|x64.Build.0 = Release|Any CPU
		{A7FB82EA-D357-4D70-8D36-758B702DFB1C}.Release|x86.ActiveCfg = Release|Any CPU
		{A7FB82EA-D357-4D70-8D36-758B702DFB1C}.Release|x86.Build.0 = Release|Any CPU
		{CAA4E9AF-B67E-4783-8698-F458B87D181C}.Debug|Any CPU.ActiveCfg = Debug|Any CPU
		{CAA4E9AF-B67E-4783-8698-F458B87D181C}.Debug|Any CPU.Build.0 = Debug|Any CPU
		{CAA4E9AF-B67E-4783-8698-F458B87D181C}.Debug|x64.ActiveCfg = Debug|Any CPU
		{CAA4E9AF-B67E-4783-8698-F458B87D181C}.Debug|x64.Build.0 = Debug|Any CPU
		{CAA4E9AF-B67E-4783-8698-F458B87D181C}.Debug|x86.ActiveCfg = Debug|Any CPU
		{CAA4E9AF-B67E-4783-8698-F458B87D181C}.Debug|x86.Build.0 = Debug|Any CPU
		{CAA4E9AF-B67E-4783-8698-F458B87D181C}.Release|Any CPU.ActiveCfg = Release|Any CPU
		{CAA4E9AF-B67E-4783-8698-F458B87D181C}.Release|Any CPU.Build.0 = Release|Any CPU
		{CAA4E9AF-B67E-4783-8698-F458B87D181C}.Release|x64.ActiveCfg = Release|Any CPU
		{CAA4E9AF-B67E-4783-8698-F458B87D181C}.Release|x64.Build.0 = Release|Any CPU
		{CAA4E9AF-B67E-4783-8698-F458B87D181C}.Release|x86.ActiveCfg = Release|Any CPU
		{CAA4E9AF-B67E-4783-8698-F458B87D181C}.Release|x86.Build.0 = Release|Any CPU
		{EED038AD-596E-4CE1-BE33-F7A6ADC856AC}.Debug|Any CPU.ActiveCfg = Debug|Any CPU
		{EED038AD-596E-4CE1-BE33-F7A6ADC856AC}.Debug|Any CPU.Build.0 = Debug|Any CPU
		{EED038AD-596E-4CE1-BE33-F7A6ADC856AC}.Debug|x64.ActiveCfg = Debug|Any CPU
		{EED038AD-596E-4CE1-BE33-F7A6ADC856AC}.Debug|x64.Build.0 = Debug|Any CPU
		{EED038AD-596E-4CE1-BE33-F7A6ADC856AC}.Debug|x86.ActiveCfg = Debug|Any CPU
		{EED038AD-596E-4CE1-BE33-F7A6ADC856AC}.Debug|x86.Build.0 = Debug|Any CPU
		{EED038AD-596E-4CE1-BE33-F7A6ADC856AC}.Release|Any CPU.ActiveCfg = Release|Any CPU
		{EED038AD-596E-4CE1-BE33-F7A6ADC856AC}.Release|Any CPU.Build.0 = Release|Any CPU
		{EED038AD-596E-4CE1-BE33-F7A6ADC856AC}.Release|x64.ActiveCfg = Release|Any CPU
		{EED038AD-596E-4CE1-BE33-F7A6ADC856AC}.Release|x64.Build.0 = Release|Any CPU
		{EED038AD-596E-4CE1-BE33-F7A6ADC856AC}.Release|x86.ActiveCfg = Release|Any CPU
		{EED038AD-596E-4CE1-BE33-F7A6ADC856AC}.Release|x86.Build.0 = Release|Any CPU
	EndGlobalSection
	GlobalSection(SolutionProperties) = preSolution
		HideSolutionNode = FALSE
	EndGlobalSection
EndGlobal
